
Microsoft Visual Studio Solution File, Format Version 12.00
# Visual Studio 15
VisualStudioVersion = 15.0.28307.168
MinimumVisualStudioVersion = 10.0.40219.1
Project("{FAE04EC0-301F-11D3-BF4B-00C04F79EFBC}") = "TabbedPageLazyLoadApp.Android", "TabbedPageLazyLoadApp\TabbedPageLazyLoadApp.Android\TabbedPageLazyLoadApp.Android.csproj", "{EA361D82-7E29-47E5-8EDB-266EB66E83CD}"
EndProject
Project("{FAE04EC0-301F-11D3-BF4B-00C04F79EFBC}") = "TabbedPageLazyLoadApp.iOS", "TabbedPageLazyLoadApp\TabbedPageLazyLoadApp.iOS\TabbedPageLazyLoadApp.iOS.csproj", "{C4405A97-B484-4B7D-9203-844E69CEF29F}"
EndProject
Project("{FAE04EC0-301F-11D3-BF4B-00C04F79EFBC}") = "TabbedPageLazyLoadApp.UWP", "TabbedPageLazyLoadApp\TabbedPageLazyLoadApp.UWP\TabbedPageLazyLoadApp.UWP.csproj", "{982B41FB-D88F-4741-A27F-B857A7BD33D4}"
EndProject
Project("{FAE04EC0-301F-11D3-BF4B-00C04F79EFBC}") = "TabbedPageLazyLoadApp", "TabbedPageLazyLoadApp\TabbedPageLazyLoadApp\TabbedPageLazyLoadApp.csproj", "{4AA325A5-0A07-442F-9EAC-81803DDA38DD}"
EndProject
Global
	GlobalSection(SolutionConfigurationPlatforms) = preSolution
		Ad-Hoc|Any CPU = Ad-Hoc|Any CPU
		Ad-Hoc|ARM = Ad-Hoc|ARM
		Ad-Hoc|iPhone = Ad-Hoc|iPhone
		Ad-Hoc|iPhoneSimulator = Ad-Hoc|iPhoneSimulator
		Ad-Hoc|x64 = Ad-Hoc|x64
		Ad-Hoc|x86 = Ad-Hoc|x86
		AppStore|Any CPU = AppStore|Any CPU
		AppStore|ARM = AppStore|ARM
		AppStore|iPhone = AppStore|iPhone
		AppStore|iPhoneSimulator = AppStore|iPhoneSimulator
		AppStore|x64 = AppStore|x64
		AppStore|x86 = AppStore|x86
		Debug|Any CPU = Debug|Any CPU
		Debug|ARM = Debug|ARM
		Debug|iPhone = Debug|iPhone
		Debug|iPhoneSimulator = Debug|iPhoneSimulator
		Debug|x64 = Debug|x64
		Debug|x86 = Debug|x86
		Release|Any CPU = Release|Any CPU
		Release|ARM = Release|ARM
		Release|iPhone = Release|iPhone
		Release|iPhoneSimulator = Release|iPhoneSimulator
		Release|x64 = Release|x64
		Release|x86 = Release|x86
	EndGlobalSection
	GlobalSection(ProjectConfigurationPlatforms) = postSolution
		{EA361D82-7E29-47E5-8EDB-266EB66E83CD}.Ad-Hoc|Any CPU.ActiveCfg = Release|Any CPU
		{EA361D82-7E29-47E5-8EDB-266EB66E83CD}.Ad-Hoc|Any CPU.Build.0 = Release|Any CPU
		{EA361D82-7E29-47E5-8EDB-266EB66E83CD}.Ad-Hoc|Any CPU.Deploy.0 = Release|Any CPU
		{EA361D82-7E29-47E5-8EDB-266EB66E83CD}.Ad-Hoc|ARM.ActiveCfg = Release|Any CPU
		{EA361D82-7E29-47E5-8EDB-266EB66E83CD}.Ad-Hoc|ARM.Build.0 = Release|Any CPU
		{EA361D82-7E29-47E5-8EDB-266EB66E83CD}.Ad-Hoc|ARM.Deploy.0 = Release|Any CPU
		{EA361D82-7E29-47E5-8EDB-266EB66E83CD}.Ad-Hoc|iPhone.ActiveCfg = Release|Any CPU
		{EA361D82-7E29-47E5-8EDB-266EB66E83CD}.Ad-Hoc|iPhone.Build.0 = Release|Any CPU
		{EA361D82-7E29-47E5-8EDB-266EB66E83CD}.Ad-Hoc|iPhone.Deploy.0 = Release|Any CPU
		{EA361D82-7E29-47E5-8EDB-266EB66E83CD}.Ad-Hoc|iPhoneSimulator.ActiveCfg = Release|Any CPU
		{EA361D82-7E29-47E5-8EDB-266EB66E83CD}.Ad-Hoc|iPhoneSimulator.Build.0 = Release|Any CPU
		{EA361D82-7E29-47E5-8EDB-266EB66E83CD}.Ad-Hoc|iPhoneSimulator.Deploy.0 = Release|Any CPU
		{EA361D82-7E29-47E5-8EDB-266EB66E83CD}.Ad-Hoc|x64.ActiveCfg = Release|Any CPU
		{EA361D82-7E29-47E5-8EDB-266EB66E83CD}.Ad-Hoc|x64.Build.0 = Release|Any CPU
		{EA361D82-7E29-47E5-8EDB-266EB66E83CD}.Ad-Hoc|x64.Deploy.0 = Release|Any CPU
		{EA361D82-7E29-47E5-8EDB-266EB66E83CD}.Ad-Hoc|x86.ActiveCfg = Release|Any CPU
		{EA361D82-7E29-47E5-8EDB-266EB66E83CD}.Ad-Hoc|x86.Build.0 = Release|Any CPU
		{EA361D82-7E29-47E5-8EDB-266EB66E83CD}.Ad-Hoc|x86.Deploy.0 = Release|Any CPU
		{EA361D82-7E29-47E5-8EDB-266EB66E83CD}.AppStore|Any CPU.ActiveCfg = Release|Any CPU
		{EA361D82-7E29-47E5-8EDB-266EB66E83CD}.AppStore|Any CPU.Build.0 = Release|Any CPU
		{EA361D82-7E29-47E5-8EDB-266EB66E83CD}.AppStore|Any CPU.Deploy.0 = Release|Any CPU
		{EA361D82-7E29-47E5-8EDB-266EB66E83CD}.AppStore|ARM.ActiveCfg = Release|Any CPU
		{EA361D82-7E29-47E5-8EDB-266EB66E83CD}.AppStore|ARM.Build.0 = Release|Any CPU
		{EA361D82-7E29-47E5-8EDB-266EB66E83CD}.AppStore|ARM.Deploy.0 = Release|Any CPU
		{EA361D82-7E29-47E5-8EDB-266EB66E83CD}.AppStore|iPhone.ActiveCfg = Release|Any CPU
		{EA361D82-7E29-47E5-8EDB-266EB66E83CD}.AppStore|iPhone.Build.0 = Release|Any CPU
		{EA361D82-7E29-47E5-8EDB-266EB66E83CD}.AppStore|iPhone.Deploy.0 = Release|Any CPU
		{EA361D82-7E29-47E5-8EDB-266EB66E83CD}.AppStore|iPhoneSimulator.ActiveCfg = Release|Any CPU
		{EA361D82-7E29-47E5-8EDB-266EB66E83CD}.AppStore|iPhoneSimulator.Build.0 = Release|Any CPU
		{EA361D82-7E29-47E5-8EDB-266EB66E83CD}.AppStore|iPhoneSimulator.Deploy.0 = Release|Any CPU
		{EA361D82-7E29-47E5-8EDB-266EB66E83CD}.AppStore|x64.ActiveCfg = Release|Any CPU
		{EA361D82-7E29-47E5-8EDB-266EB66E83CD}.AppStore|x64.Build.0 = Release|Any CPU
		{EA361D82-7E29-47E5-8EDB-266EB66E83CD}.AppStore|x64.Deploy.0 = Release|Any CPU
		{EA361D82-7E29-47E5-8EDB-266EB66E83CD}.AppStore|x86.ActiveCfg = Release|Any CPU
		{EA361D82-7E29-47E5-8EDB-266EB66E83CD}.AppStore|x86.Build.0 = Release|Any CPU
		{EA361D82-7E29-47E5-8EDB-266EB66E83CD}.AppStore|x86.Deploy.0 = Release|Any CPU
		{EA361D82-7E29-47E5-8EDB-266EB66E83CD}.Debug|Any CPU.ActiveCfg = Debug|Any CPU
		{EA361D82-7E29-47E5-8EDB-266EB66E83CD}.Debug|Any CPU.Build.0 = Debug|Any CPU
		{EA361D82-7E29-47E5-8EDB-266EB66E83CD}.Debug|Any CPU.Deploy.0 = Debug|Any CPU
		{EA361D82-7E29-47E5-8EDB-266EB66E83CD}.Debug|ARM.ActiveCfg = Debug|Any CPU
		{EA361D82-7E29-47E5-8EDB-266EB66E83CD}.Debug|ARM.Build.0 = Debug|Any CPU
		{EA361D82-7E29-47E5-8EDB-266EB66E83CD}.Debug|ARM.Deploy.0 = Debug|Any CPU
		{EA361D82-7E29-47E5-8EDB-266EB66E83CD}.Debug|iPhone.ActiveCfg = Debug|Any CPU
		{EA361D82-7E29-47E5-8EDB-266EB66E83CD}.Debug|iPhone.Build.0 = Debug|Any CPU
		{EA361D82-7E29-47E5-8EDB-266EB66E83CD}.Debug|iPhone.Deploy.0 = Debug|Any CPU
		{EA361D82-7E29-47E5-8EDB-266EB66E83CD}.Debug|iPhoneSimulator.ActiveCfg = Debug|Any CPU
		{EA361D82-7E29-47E5-8EDB-266EB66E83CD}.Debug|iPhoneSimulator.Build.0 = Debug|Any CPU
		{EA361D82-7E29-47E5-8EDB-266EB66E83CD}.Debug|iPhoneSimulator.Deploy.0 = Debug|Any CPU
		{EA361D82-7E29-47E5-8EDB-266EB66E83CD}.Debug|x64.ActiveCfg = Debug|Any CPU
		{EA361D82-7E29-47E5-8EDB-266EB66E83CD}.Debug|x64.Build.0 = Debug|Any CPU
		{EA361D82-7E29-47E5-8EDB-266EB66E83CD}.Debug|x64.Deploy.0 = Debug|Any CPU
		{EA361D82-7E29-47E5-8EDB-266EB66E83CD}.Debug|x86.ActiveCfg = Debug|Any CPU
		{EA361D82-7E29-47E5-8EDB-266EB66E83CD}.Debug|x86.Build.0 = Debug|Any CPU
		{EA361D82-7E29-47E5-8EDB-266EB66E83CD}.Debug|x86.Deploy.0 = Debug|Any CPU
		{EA361D82-7E29-47E5-8EDB-266EB66E83CD}.Release|Any CPU.ActiveCfg = Release|Any CPU
		{EA361D82-7E29-47E5-8EDB-266EB66E83CD}.Release|Any CPU.Build.0 = Release|Any CPU
		{EA361D82-7E29-47E5-8EDB-266EB66E83CD}.Release|Any CPU.Deploy.0 = Release|Any CPU
		{EA361D82-7E29-47E5-8EDB-266EB66E83CD}.Release|ARM.ActiveCfg = Release|Any CPU
		{EA361D82-7E29-47E5-8EDB-266EB66E83CD}.Release|ARM.Build.0 = Release|Any CPU
		{EA361D82-7E29-47E5-8EDB-266EB66E83CD}.Release|ARM.Deploy.0 = Release|Any CPU
		{EA361D82-7E29-47E5-8EDB-266EB66E83CD}.Release|iPhone.ActiveCfg = Release|Any CPU
		{EA361D82-7E29-47E5-8EDB-266EB66E83CD}.Release|iPhone.Build.0 = Release|Any CPU
		{EA361D82-7E29-47E5-8EDB-266EB66E83CD}.Release|iPhone.Deploy.0 = Release|Any CPU
		{EA361D82-7E29-47E5-8EDB-266EB66E83CD}.Release|iPhoneSimulator.ActiveCfg = Release|Any CPU
		{EA361D82-7E29-47E5-8EDB-266EB66E83CD}.Release|iPhoneSimulator.Build.0 = Release|Any CPU
		{EA361D82-7E29-47E5-8EDB-266EB66E83CD}.Release|iPhoneSimulator.Deploy.0 = Release|Any CPU
		{EA361D82-7E29-47E5-8EDB-266EB66E83CD}.Release|x64.ActiveCfg = Release|Any CPU
		{EA361D82-7E29-47E5-8EDB-266EB66E83CD}.Release|x64.Build.0 = Release|Any CPU
		{EA361D82-7E29-47E5-8EDB-266EB66E83CD}.Release|x64.Deploy.0 = Release|Any CPU
		{EA361D82-7E29-47E5-8EDB-266EB66E83CD}.Release|x86.ActiveCfg = Release|Any CPU
		{EA361D82-7E29-47E5-8EDB-266EB66E83CD}.Release|x86.Build.0 = Release|Any CPU
		{EA361D82-7E29-47E5-8EDB-266EB66E83CD}.Release|x86.Deploy.0 = Release|Any CPU
		{C4405A97-B484-4B7D-9203-844E69CEF29F}.Ad-Hoc|Any CPU.ActiveCfg = Ad-Hoc|iPhone
		{C4405A97-B484-4B7D-9203-844E69CEF29F}.Ad-Hoc|Any CPU.Build.0 = Ad-Hoc|iPhone
		{C4405A97-B484-4B7D-9203-844E69CEF29F}.Ad-Hoc|Any CPU.Deploy.0 = Ad-Hoc|iPhone
		{C4405A97-B484-4B7D-9203-844E69CEF29F}.Ad-Hoc|ARM.ActiveCfg = Ad-Hoc|iPhone
		{C4405A97-B484-4B7D-9203-844E69CEF29F}.Ad-Hoc|ARM.Build.0 = Ad-Hoc|iPhone
		{C4405A97-B484-4B7D-9203-844E69CEF29F}.Ad-Hoc|ARM.Deploy.0 = Ad-Hoc|iPhone
		{C4405A97-B484-4B7D-9203-844E69CEF29F}.Ad-Hoc|iPhone.ActiveCfg = Ad-Hoc|iPhone
		{C4405A97-B484-4B7D-9203-844E69CEF29F}.Ad-Hoc|iPhone.Build.0 = Ad-Hoc|iPhone
		{C4405A97-B484-4B7D-9203-844E69CEF29F}.Ad-Hoc|iPhone.Deploy.0 = Ad-Hoc|iPhone
		{C4405A97-B484-4B7D-9203-844E69CEF29F}.Ad-Hoc|iPhoneSimulator.ActiveCfg = Ad-Hoc|iPhoneSimulator
		{C4405A97-B484-4B7D-9203-844E69CEF29F}.Ad-Hoc|iPhoneSimulator.Build.0 = Ad-Hoc|iPhoneSimulator
		{C4405A97-B484-4B7D-9203-844E69CEF29F}.Ad-Hoc|iPhoneSimulator.Deploy.0 = Ad-Hoc|iPhoneSimulator
		{C4405A97-B484-4B7D-9203-844E69CEF29F}.Ad-Hoc|x64.ActiveCfg = Ad-Hoc|iPhone
		{C4405A97-B484-4B7D-9203-844E69CEF29F}.Ad-Hoc|x64.Build.0 = Ad-Hoc|iPhone
		{C4405A97-B484-4B7D-9203-844E69CEF29F}.Ad-Hoc|x64.Deploy.0 = Ad-Hoc|iPhone
		{C4405A97-B484-4B7D-9203-844E69CEF29F}.Ad-Hoc|x86.ActiveCfg = Ad-Hoc|iPhone
		{C4405A97-B484-4B7D-9203-844E69CEF29F}.Ad-Hoc|x86.Build.0 = Ad-Hoc|iPhone
		{C4405A97-B484-4B7D-9203-844E69CEF29F}.Ad-Hoc|x86.Deploy.0 = Ad-Hoc|iPhone
		{C4405A97-B484-4B7D-9203-844E69CEF29F}.AppStore|Any CPU.ActiveCfg = AppStore|iPhone
		{C4405A97-B484-4B7D-9203-844E69CEF29F}.AppStore|Any CPU.Build.0 = AppStore|iPhone
		{C4405A97-B484-4B7D-9203-844E69CEF29F}.AppStore|Any CPU.Deploy.0 = AppStore|iPhone
		{C4405A97-B484-4B7D-9203-844E69CEF29F}.AppStore|ARM.ActiveCfg = AppStore|iPhone
		{C4405A97-B484-4B7D-9203-844E69CEF29F}.AppStore|ARM.Build.0 = AppStore|iPhone
		{C4405A97-B484-4B7D-9203-844E69CEF29F}.AppStore|ARM.Deploy.0 = AppStore|iPhone
		{C4405A97-B484-4B7D-9203-844E69CEF29F}.AppStore|iPhone.ActiveCfg = AppStore|iPhone
		{C4405A97-B484-4B7D-9203-844E69CEF29F}.AppStore|iPhone.Build.0 = AppStore|iPhone
		{C4405A97-B484-4B7D-9203-844E69CEF29F}.AppStore|iPhone.Deploy.0 = AppStore|iPhone
		{C4405A97-B484-4B7D-9203-844E69CEF29F}.AppStore|iPhoneSimulator.ActiveCfg = AppStore|iPhoneSimulator
		{C4405A97-B484-4B7D-9203-844E69CEF29F}.AppStore|iPhoneSimulator.Build.0 = AppStore|iPhoneSimulator
		{C4405A97-B484-4B7D-9203-844E69CEF29F}.AppStore|iPhoneSimulator.Deploy.0 = AppStore|iPhoneSimulator
		{C4405A97-B484-4B7D-9203-844E69CEF29F}.AppStore|x64.ActiveCfg = AppStore|iPhone
		{C4405A97-B484-4B7D-9203-844E69CEF29F}.AppStore|x64.Build.0 = AppStore|iPhone
		{C4405A97-B484-4B7D-9203-844E69CEF29F}.AppStore|x64.Deploy.0 = AppStore|iPhone
		{C4405A97-B484-4B7D-9203-844E69CEF29F}.AppStore|x86.ActiveCfg = AppStore|iPhone
		{C4405A97-B484-4B7D-9203-844E69CEF29F}.AppStore|x86.Build.0 = AppStore|iPhone
		{C4405A97-B484-4B7D-9203-844E69CEF29F}.AppStore|x86.Deploy.0 = AppStore|iPhone
		{C4405A97-B484-4B7D-9203-844E69CEF29F}.Debug|Any CPU.ActiveCfg = Debug|iPhoneSimulator
		{C4405A97-B484-4B7D-9203-844E69CEF29F}.Debug|Any CPU.Build.0 = Debug|iPhoneSimulator
		{C4405A97-B484-4B7D-9203-844E69CEF29F}.Debug|Any CPU.Deploy.0 = Debug|iPhoneSimulator
		{C4405A97-B484-4B7D-9203-844E69CEF29F}.Debug|ARM.ActiveCfg = Debug|iPhone
		{C4405A97-B484-4B7D-9203-844E69CEF29F}.Debug|ARM.Build.0 = Debug|iPhone
		{C4405A97-B484-4B7D-9203-844E69CEF29F}.Debug|ARM.Deploy.0 = Debug|iPhone
		{C4405A97-B484-4B7D-9203-844E69CEF29F}.Debug|iPhone.ActiveCfg = Debug|iPhone
		{C4405A97-B484-4B7D-9203-844E69CEF29F}.Debug|iPhone.Build.0 = Debug|iPhone
		{C4405A97-B484-4B7D-9203-844E69CEF29F}.Debug|iPhone.Deploy.0 = Debug|iPhone
		{C4405A97-B484-4B7D-9203-844E69CEF29F}.Debug|iPhoneSimulator.ActiveCfg = Debug|iPhoneSimulator
		{C4405A97-B484-4B7D-9203-844E69CEF29F}.Debug|iPhoneSimulator.Build.0 = Debug|iPhoneSimulator
		{C4405A97-B484-4B7D-9203-844E69CEF29F}.Debug|iPhoneSimulator.Deploy.0 = Debug|iPhoneSimulator
		{C4405A97-B484-4B7D-9203-844E69CEF29F}.Debug|x64.ActiveCfg = Debug|iPhone
		{C4405A97-B484-4B7D-9203-844E69CEF29F}.Debug|x64.Build.0 = Debug|iPhone
		{C4405A97-B484-4B7D-9203-844E69CEF29F}.Debug|x64.Deploy.0 = Debug|iPhone
		{C4405A97-B484-4B7D-9203-844E69CEF29F}.Debug|x86.ActiveCfg = Debug|iPhone
		{C4405A97-B484-4B7D-9203-844E69CEF29F}.Debug|x86.Build.0 = Debug|iPhone
		{C4405A97-B484-4B7D-9203-844E69CEF29F}.Debug|x86.Deploy.0 = Debug|iPhone
		{C4405A97-B484-4B7D-9203-844E69CEF29F}.Release|Any CPU.ActiveCfg = Release|iPhone
		{C4405A97-B484-4B7D-9203-844E69CEF29F}.Release|Any CPU.Build.0 = Release|iPhone
		{C4405A97-B484-4B7D-9203-844E69CEF29F}.Release|Any CPU.Deploy.0 = Release|iPhone
		{C4405A97-B484-4B7D-9203-844E69CEF29F}.Release|ARM.ActiveCfg = Release|iPhone
		{C4405A97-B484-4B7D-9203-844E69CEF29F}.Release|ARM.Build.0 = Release|iPhone
		{C4405A97-B484-4B7D-9203-844E69CEF29F}.Release|ARM.Deploy.0 = Release|iPhone
		{C4405A97-B484-4B7D-9203-844E69CEF29F}.Release|iPhone.ActiveCfg = Release|iPhone
		{C4405A97-B484-4B7D-9203-844E69CEF29F}.Release|iPhone.Build.0 = Release|iPhone
		{C4405A97-B484-4B7D-9203-844E69CEF29F}.Release|iPhone.Deploy.0 = Release|iPhone
		{C4405A97-B484-4B7D-9203-844E69CEF29F}.Release|iPhoneSimulator.ActiveCfg = Release|iPhoneSimulator
		{C4405A97-B484-4B7D-9203-844E69CEF29F}.Release|iPhoneSimulator.Build.0 = Release|iPhoneSimulator
		{C4405A97-B484-4B7D-9203-844E69CEF29F}.Release|iPhoneSimulator.Deploy.0 = Release|iPhoneSimulator
		{C4405A97-B484-4B7D-9203-844E69CEF29F}.Release|x64.ActiveCfg = Release|iPhone
		{C4405A97-B484-4B7D-9203-844E69CEF29F}.Release|x64.Build.0 = Release|iPhone
		{C4405A97-B484-4B7D-9203-844E69CEF29F}.Release|x64.Deploy.0 = Release|iPhone
		{C4405A97-B484-4B7D-9203-844E69CEF29F}.Release|x86.ActiveCfg = Release|iPhone
		{C4405A97-B484-4B7D-9203-844E69CEF29F}.Release|x86.Build.0 = Release|iPhone
		{C4405A97-B484-4B7D-9203-844E69CEF29F}.Release|x86.Deploy.0 = Release|iPhone
		{982B41FB-D88F-4741-A27F-B857A7BD33D4}.Ad-Hoc|Any CPU.ActiveCfg = Release|x86
		{982B41FB-D88F-4741-A27F-B857A7BD33D4}.Ad-Hoc|Any CPU.Build.0 = Release|x86
		{982B41FB-D88F-4741-A27F-B857A7BD33D4}.Ad-Hoc|Any CPU.Deploy.0 = Release|x86
		{982B41FB-D88F-4741-A27F-B857A7BD33D4}.Ad-Hoc|ARM.ActiveCfg = Release|ARM
		{982B41FB-D88F-4741-A27F-B857A7BD33D4}.Ad-Hoc|ARM.Build.0 = Release|ARM
		{982B41FB-D88F-4741-A27F-B857A7BD33D4}.Ad-Hoc|ARM.Deploy.0 = Release|ARM
		{982B41FB-D88F-4741-A27F-B857A7BD33D4}.Ad-Hoc|iPhone.ActiveCfg = Release|x86
		{982B41FB-D88F-4741-A27F-B857A7BD33D4}.Ad-Hoc|iPhone.Build.0 = Release|x86
		{982B41FB-D88F-4741-A27F-B857A7BD33D4}.Ad-Hoc|iPhone.Deploy.0 = Release|x86
		{982B41FB-D88F-4741-A27F-B857A7BD33D4}.Ad-Hoc|iPhoneSimulator.ActiveCfg = Release|x86
		{982B41FB-D88F-4741-A27F-B857A7BD33D4}.Ad-Hoc|iPhoneSimulator.Build.0 = Release|x86
		{982B41FB-D88F-4741-A27F-B857A7BD33D4}.Ad-Hoc|iPhoneSimulator.Deploy.0 = Release|x86
		{982B41FB-D88F-4741-A27F-B857A7BD33D4}.Ad-Hoc|x64.ActiveCfg = Release|x64
		{982B41FB-D88F-4741-A27F-B857A7BD33D4}.Ad-Hoc|x64.Build.0 = Release|x64
		{982B41FB-D88F-4741-A27F-B857A7BD33D4}.Ad-Hoc|x64.Deploy.0 = Release|x64
		{982B41FB-D88F-4741-A27F-B857A7BD33D4}.Ad-Hoc|x86.ActiveCfg = Release|x86
		{982B41FB-D88F-4741-A27F-B857A7BD33D4}.Ad-Hoc|x86.Build.0 = Release|x86
		{982B41FB-D88F-4741-A27F-B857A7BD33D4}.Ad-Hoc|x86.Deploy.0 = Release|x86
		{982B41FB-D88F-4741-A27F-B857A7BD33D4}.AppStore|Any CPU.ActiveCfg = Release|x86
		{982B41FB-D88F-4741-A27F-B857A7BD33D4}.AppStore|Any CPU.Build.0 = Release|x86
		{982B41FB-D88F-4741-A27F-B857A7BD33D4}.AppStore|Any CPU.Deploy.0 = Release|x86
		{982B41FB-D88F-4741-A27F-B857A7BD33D4}.AppStore|ARM.ActiveCfg = Release|ARM
		{982B41FB-D88F-4741-A27F-B857A7BD33D4}.AppStore|ARM.Build.0 = Release|ARM
		{982B41FB-D88F-4741-A27F-B857A7BD33D4}.AppStore|ARM.Deploy.0 = Release|ARM
		{982B41FB-D88F-4741-A27F-B857A7BD33D4}.AppStore|iPhone.ActiveCfg = Release|x86
		{982B41FB-D88F-4741-A27F-B857A7BD33D4}.AppStore|iPhone.Build.0 = Release|x86
		{982B41FB-D88F-4741-A27F-B857A7BD33D4}.AppStore|iPhone.Deploy.0 = Release|x86
		{982B41FB-D88F-4741-A27F-B857A7BD33D4}.AppStore|iPhoneSimulator.ActiveCfg = Release|x86
		{982B41FB-D88F-4741-A27F-B857A7BD33D4}.AppStore|iPhoneSimulator.Build.0 = Release|x86
		{982B41FB-D88F-4741-A27F-B857A7BD33D4}.AppStore|iPhoneSimulator.Deploy.0 = Release|x86
		{982B41FB-D88F-4741-A27F-B857A7BD33D4}.AppStore|x64.ActiveCfg = Release|x64
		{982B41FB-D88F-4741-A27F-B857A7BD33D4}.AppStore|x64.Build.0 = Release|x64
		{982B41FB-D88F-4741-A27F-B857A7BD33D4}.AppStore|x64.Deploy.0 = Release|x64
		{982B41FB-D88F-4741-A27F-B857A7BD33D4}.AppStore|x86.ActiveCfg = Release|x86
		{982B41FB-D88F-4741-A27F-B857A7BD33D4}.AppStore|x86.Build.0 = Release|x86
		{982B41FB-D88F-4741-A27F-B857A7BD33D4}.AppStore|x86.Deploy.0 = Release|x86
		{982B41FB-D88F-4741-A27F-B857A7BD33D4}.Debug|Any CPU.ActiveCfg = Debug|x86
		{982B41FB-D88F-4741-A27F-B857A7BD33D4}.Debug|Any CPU.Build.0 = Debug|x86
		{982B41FB-D88F-4741-A27F-B857A7BD33D4}.Debug|Any CPU.Deploy.0 = Debug|x86
		{982B41FB-D88F-4741-A27F-B857A7BD33D4}.Debug|ARM.ActiveCfg = Debug|ARM
		{982B41FB-D88F-4741-A27F-B857A7BD33D4}.Debug|ARM.Build.0 = Debug|ARM
		{982B41FB-D88F-4741-A27F-B857A7BD33D4}.Debug|ARM.Deploy.0 = Debug|ARM
		{982B41FB-D88F-4741-A27F-B857A7BD33D4}.Debug|iPhone.ActiveCfg = Debug|x86
		{982B41FB-D88F-4741-A27F-B857A7BD33D4}.Debug|iPhone.Build.0 = Debug|x86
		{982B41FB-D88F-4741-A27F-B857A7BD33D4}.Debug|iPhone.Deploy.0 = Debug|x86
		{982B41FB-D88F-4741-A27F-B857A7BD33D4}.Debug|iPhoneSimulator.ActiveCfg = Debug|x86
		{982B41FB-D88F-4741-A27F-B857A7BD33D4}.Debug|iPhoneSimulator.Build.0 = Debug|x86
		{982B41FB-D88F-4741-A27F-B857A7BD33D4}.Debug|iPhoneSimulator.Deploy.0 = Debug|x86
		{982B41FB-D88F-4741-A27F-B857A7BD33D4}.Debug|x64.ActiveCfg = Debug|x64
		{982B41FB-D88F-4741-A27F-B857A7BD33D4}.Debug|x64.Build.0 = Debug|x64
		{982B41FB-D88F-4741-A27F-B857A7BD33D4}.Debug|x64.Deploy.0 = Debug|x64
		{982B41FB-D88F-4741-A27F-B857A7BD33D4}.Debug|x86.ActiveCfg = Debug|x86
		{982B41FB-D88F-4741-A27F-B857A7BD33D4}.Debug|x86.Build.0 = Debug|x86
		{982B41FB-D88F-4741-A27F-B857A7BD33D4}.Debug|x86.Deploy.0 = Debug|x86
		{982B41FB-D88F-4741-A27F-B857A7BD33D4}.Release|Any CPU.ActiveCfg = Release|x86
		{982B41FB-D88F-4741-A27F-B857A7BD33D4}.Release|Any CPU.Build.0 = Release|x86
		{982B41FB-D88F-4741-A27F-B857A7BD33D4}.Release|Any CPU.Deploy.0 = Release|x86
		{982B41FB-D88F-4741-A27F-B857A7BD33D4}.Release|ARM.ActiveCfg = Release|ARM
		{982B41FB-D88F-4741-A27F-B857A7BD33D4}.Release|ARM.Build.0 = Release|ARM
		{982B41FB-D88F-4741-A27F-B857A7BD33D4}.Release|ARM.Deploy.0 = Release|ARM
		{982B41FB-D88F-4741-A27F-B857A7BD33D4}.Release|iPhone.ActiveCfg = Release|x86
		{982B41FB-D88F-4741-A27F-B857A7BD33D4}.Release|iPhone.Build.0 = Release|x86
		{982B41FB-D88F-4741-A27F-B857A7BD33D4}.Release|iPhone.Deploy.0 = Release|x86
		{982B41FB-D88F-4741-A27F-B857A7BD33D4}.Release|iPhoneSimulator.ActiveCfg = Release|x86
		{982B41FB-D88F-4741-A27F-B857A7BD33D4}.Release|iPhoneSimulator.Build.0 = Release|x86
		{982B41FB-D88F-4741-A27F-B857A7BD33D4}.Release|iPhoneSimulator.Deploy.0 = Release|x86
		{982B41FB-D88F-4741-A27F-B857A7BD33D4}.Release|x64.ActiveCfg = Release|x64
		{982B41FB-D88F-4741-A27F-B857A7BD33D4}.Release|x64.Build.0 = Release|x64
		{982B41FB-D88F-4741-A27F-B857A7BD33D4}.Release|x64.Deploy.0 = Release|x64
		{982B41FB-D88F-4741-A27F-B857A7BD33D4}.Release|x86.ActiveCfg = Release|x86
		{982B41FB-D88F-4741-A27F-B857A7BD33D4}.Release|x86.Build.0 = Release|x86
		{982B41FB-D88F-4741-A27F-B857A7BD33D4}.Release|x86.Deploy.0 = Release|x86
		{4AA325A5-0A07-442F-9EAC-81803DDA38DD}.Ad-Hoc|Any CPU.ActiveCfg = Debug|Any CPU
		{4AA325A5-0A07-442F-9EAC-81803DDA38DD}.Ad-Hoc|Any CPU.Build.0 = Debug|Any CPU
		{4AA325A5-0A07-442F-9EAC-81803DDA38DD}.Ad-Hoc|Any CPU.Deploy.0 = Debug|Any CPU
		{4AA325A5-0A07-442F-9EAC-81803DDA38DD}.Ad-Hoc|ARM.ActiveCfg = Debug|Any CPU
		{4AA325A5-0A07-442F-9EAC-81803DDA38DD}.Ad-Hoc|ARM.Build.0 = Debug|Any CPU
		{4AA325A5-0A07-442F-9EAC-81803DDA38DD}.Ad-Hoc|ARM.Deploy.0 = Debug|Any CPU
		{4AA325A5-0A07-442F-9EAC-81803DDA38DD}.Ad-Hoc|iPhone.ActiveCfg = Debug|Any CPU
		{4AA325A5-0A07-442F-9EAC-81803DDA38DD}.Ad-Hoc|iPhone.Build.0 = Debug|Any CPU
		{4AA325A5-0A07-442F-9EAC-81803DDA38DD}.Ad-Hoc|iPhone.Deploy.0 = Debug|Any CPU
		{4AA325A5-0A07-442F-9EAC-81803DDA38DD}.Ad-Hoc|iPhoneSimulator.ActiveCfg = Debug|Any CPU
		{4AA325A5-0A07-442F-9EAC-81803DDA38DD}.Ad-Hoc|iPhoneSimulator.Build.0 = Debug|Any CPU
		{4AA325A5-0A07-442F-9EAC-81803DDA38DD}.Ad-Hoc|iPhoneSimulator.Deploy.0 = Debug|Any CPU
		{4AA325A5-0A07-442F-9EAC-81803DDA38DD}.Ad-Hoc|x64.ActiveCfg = Debug|Any CPU
		{4AA325A5-0A07-442F-9EAC-81803DDA38DD}.Ad-Hoc|x64.Build.0 = Debug|Any CPU
		{4AA325A5-0A07-442F-9EAC-81803DDA38DD}.Ad-Hoc|x64.Deploy.0 = Debug|Any CPU
		{4AA325A5-0A07-442F-9EAC-81803DDA38DD}.Ad-Hoc|x86.ActiveCfg = Debug|Any CPU
		{4AA325A5-0A07-442F-9EAC-81803DDA38DD}.Ad-Hoc|x86.Build.0 = Debug|Any CPU
		{4AA325A5-0A07-442F-9EAC-81803DDA38DD}.Ad-Hoc|x86.Deploy.0 = Debug|Any CPU
		{4AA325A5-0A07-442F-9EAC-81803DDA38DD}.AppStore|Any CPU.ActiveCfg = Debug|Any CPU
		{4AA325A5-0A07-442F-9EAC-81803DDA38DD}.AppStore|Any CPU.Build.0 = Debug|Any CPU
		{4AA325A5-0A07-442F-9EAC-81803DDA38DD}.AppStore|Any CPU.Deploy.0 = Debug|Any CPU
		{4AA325A5-0A07-442F-9EAC-81803DDA38DD}.AppStore|ARM.ActiveCfg = Debug|Any CPU
		{4AA325A5-0A07-442F-9EAC-81803DDA38DD}.AppStore|ARM.Build.0 = Debug|Any CPU
		{4AA325A5-0A07-442F-9EAC-81803DDA38DD}.AppStore|ARM.Deploy.0 = Debug|Any CPU
		{4AA325A5-0A07-442F-9EAC-81803DDA38DD}.AppStore|iPhone.ActiveCfg = Debug|Any CPU
		{4AA325A5-0A07-442F-9EAC-81803DDA38DD}.AppStore|iPhone.Build.0 = Debug|Any CPU
		{4AA325A5-0A07-442F-9EAC-81803DDA38DD}.AppStore|iPhone.Deploy.0 = Debug|Any CPU
		{4AA325A5-0A07-442F-9EAC-81803DDA38DD}.AppStore|iPhoneSimulator.ActiveCfg = Debug|Any CPU
		{4AA325A5-0A07-442F-9EAC-81803DDA38DD}.AppStore|iPhoneSimulator.Build.0 = Debug|Any CPU
		{4AA325A5-0A07-442F-9EAC-81803DDA38DD}.AppStore|iPhoneSimulator.Deploy.0 = Debug|Any CPU
		{4AA325A5-0A07-442F-9EAC-81803DDA38DD}.AppStore|x64.ActiveCfg = Debug|Any CPU
		{4AA325A5-0A07-442F-9EAC-81803DDA38DD}.AppStore|x64.Build.0 = Debug|Any CPU
		{4AA325A5-0A07-442F-9EAC-81803DDA38DD}.AppStore|x64.Deploy.0 = Debug|Any CPU
		{4AA325A5-0A07-442F-9EAC-81803DDA38DD}.AppStore|x86.ActiveCfg = Debug|Any CPU
		{4AA325A5-0A07-442F-9EAC-81803DDA38DD}.AppStore|x86.Build.0 = Debug|Any CPU
		{4AA325A5-0A07-442F-9EAC-81803DDA38DD}.AppStore|x86.Deploy.0 = Debug|Any CPU
		{4AA325A5-0A07-442F-9EAC-81803DDA38DD}.Debug|Any CPU.ActiveCfg = Debug|Any CPU
		{4AA325A5-0A07-442F-9EAC-81803DDA38DD}.Debug|Any CPU.Build.0 = Debug|Any CPU
		{4AA325A5-0A07-442F-9EAC-81803DDA38DD}.Debug|Any CPU.Deploy.0 = Debug|Any CPU
		{4AA325A5-0A07-442F-9EAC-81803DDA38DD}.Debug|ARM.ActiveCfg = Debug|Any CPU
		{4AA325A5-0A07-442F-9EAC-81803DDA38DD}.Debug|ARM.Build.0 = Debug|Any CPU
		{4AA325A5-0A07-442F-9EAC-81803DDA38DD}.Debug|ARM.Deploy.0 = Debug|Any CPU
		{4AA325A5-0A07-442F-9EAC-81803DDA38DD}.Debug|iPhone.ActiveCfg = Debug|Any CPU
		{4AA325A5-0A07-442F-9EAC-81803DDA38DD}.Debug|iPhone.Build.0 = Debug|Any CPU
		{4AA325A5-0A07-442F-9EAC-81803DDA38DD}.Debug|iPhone.Deploy.0 = Debug|Any CPU
		{4AA325A5-0A07-442F-9EAC-81803DDA38DD}.Debug|iPhoneSimulator.ActiveCfg = Debug|Any CPU
		{4AA325A5-0A07-442F-9EAC-81803DDA38DD}.Debug|iPhoneSimulator.Build.0 = Debug|Any CPU
		{4AA325A5-0A07-442F-9EAC-81803DDA38DD}.Debug|iPhoneSimulator.Deploy.0 = Debug|Any CPU
		{4AA325A5-0A07-442F-9EAC-81803DDA38DD}.Debug|x64.ActiveCfg = Debug|Any CPU
		{4AA325A5-0A07-442F-9EAC-81803DDA38DD}.Debug|x64.Build.0 = Debug|Any CPU
		{4AA325A5-0A07-442F-9EAC-81803DDA38DD}.Debug|x64.Deploy.0 = Debug|Any CPU
		{4AA325A5-0A07-442F-9EAC-81803DDA38DD}.Debug|x86.ActiveCfg = Debug|Any CPU
		{4AA325A5-0A07-442F-9EAC-81803DDA38DD}.Debug|x86.Build.0 = Debug|Any CPU
		{4AA325A5-0A07-442F-9EAC-81803DDA38DD}.Debug|x86.Deploy.0 = Debug|Any CPU
		{4AA325A5-0A07-442F-9EAC-81803DDA38DD}.Release|Any CPU.ActiveCfg = Release|Any CPU
		{4AA325A5-0A07-442F-9EAC-81803DDA38DD}.Release|Any CPU.Build.0 = Release|Any CPU
		{4AA325A5-0A07-442F-9EAC-81803DDA38DD}.Release|Any CPU.Deploy.0 = Release|Any CPU
		{4AA325A5-0A07-442F-9EAC-81803DDA38DD}.Release|ARM.ActiveCfg = Release|Any CPU
		{4AA325A5-0A07-442F-9EAC-81803DDA38DD}.Release|ARM.Build.0 = Release|Any CPU
		{4AA325A5-0A07-442F-9EAC-81803DDA38DD}.Release|ARM.Deploy.0 = Release|Any CPU
		{4AA325A5-0A07-442F-9EAC-81803DDA38DD}.Release|iPhone.ActiveCfg = Release|Any CPU
		{4AA325A5-0A07-442F-9EAC-81803DDA38DD}.Release|iPhone.Build.0 = Release|Any CPU
		{4AA325A5-0A07-442F-9EAC-81803DDA38DD}.Release|iPhone.Deploy.0 = Release|Any CPU
		{4AA325A5-0A07-442F-9EAC-81803DDA38DD}.Release|iPhoneSimulator.ActiveCfg = Release|Any CPU
		{4AA325A5-0A07-442F-9EAC-81803DDA38DD}.Release|iPhoneSimulator.Build.0 = Release|Any CPU
		{4AA325A5-0A07-442F-9EAC-81803DDA38DD}.Release|iPhoneSimulator.Deploy.0 = Release|Any CPU
		{4AA325A5-0A07-442F-9EAC-81803DDA38DD}.Release|x64.ActiveCfg = Release|Any CPU
		{4AA325A5-0A07-442F-9EAC-81803DDA38DD}.Release|x64.Build.0 = Release|Any CPU
		{4AA325A5-0A07-442F-9EAC-81803DDA38DD}.Release|x64.Deploy.0 = Release|Any CPU
		{4AA325A5-0A07-442F-9EAC-81803DDA38DD}.Release|x86.ActiveCfg = Release|Any CPU
		{4AA325A5-0A07-442F-9EAC-81803DDA38DD}.Release|x86.Build.0 = Release|Any CPU
		{4AA325A5-0A07-442F-9EAC-81803DDA38DD}.Release|x86.Deploy.0 = Release|Any CPU
	EndGlobalSection
	GlobalSection(SolutionProperties) = preSolution
		HideSolutionNode = FALSE
	EndGlobalSection
	GlobalSection(ExtensibilityGlobals) = postSolution
		SolutionGuid = {72480BB9-6F18-482A-8A35-35BD6AF44F25}
	EndGlobalSection
EndGlobal
